// !$*UTF8*$!
{
	archiveVersion = 1;
	classes = {
	};
	objectVersion = 50;
	objects = {

/* Begin PBXBuildFile section */
		DB2CAC8C22E5D9A2008778A9 /* AppDelegate.swift in Sources */ = {isa = PBXBuildFile; fileRef = DB2CAC8B22E5D9A2008778A9 /* AppDelegate.swift */; };
		DB2CAC8E22E5D9A2008778A9 /* ViewController.swift in Sources */ = {isa = PBXBuildFile; fileRef = DB2CAC8D22E5D9A2008778A9 /* ViewController.swift */; };
		DB2CAC9122E5D9A2008778A9 /* Main.storyboard in Resources */ = {isa = PBXBuildFile; fileRef = DB2CAC8F22E5D9A2008778A9 /* Main.storyboard */; };
		DB2CAC9322E5D9A3008778A9 /* Assets.xcassets in Resources */ = {isa = PBXBuildFile; fileRef = DB2CAC9222E5D9A3008778A9 /* Assets.xcassets */; };
		DB2CAC9622E5D9A3008778A9 /* LaunchScreen.storyboard in Resources */ = {isa = PBXBuildFile; fileRef = DB2CAC9422E5D9A3008778A9 /* LaunchScreen.storyboard */; };
/* End PBXBuildFile section */

/* Begin PBXFileReference section */
		DB2CAC8822E5D9A1008778A9 /* planeHeightDetection.app */ = {isa = PBXFileReference; explicitFileType = wrapper.application; includeInIndex = 0; path = planeHeightDetection.app; sourceTree = BUILT_PRODUCTS_DIR; };
		DB2CAC8B22E5D9A2008778A9 /* AppDelegate.swift */ = {isa = PBXFileReference; lastKnownFileType = sourcecode.swift; path = AppDelegate.swift; sourceTree = "<group>"; };
		DB2CAC8D22E5D9A2008778A9 /* ViewController.swift */ = {isa = PBXFileReference; lastKnownFileType = sourcecode.swift; path = ViewController.swift; sourceTree = "<group>"; };
		DB2CAC9022E5D9A2008778A9 /* Base */ = {isa = PBXFileReference; lastKnownFileType = file.storyboard; name = Base; path = Base.lproj/Main.storyboard; sourceTree = "<group>"; };
		DB2CAC9222E5D9A3008778A9 /* Assets.xcassets */ = {isa = PBXFileReference; lastKnownFileType = folder.assetcatalog; path = Assets.xcassets; sourceTree = "<group>"; };
		DB2CAC9522E5D9A3008778A9 /* Base */ = {isa = PBXFileReference; lastKnownFileType = file.storyboard; name = Base; path = Base.lproj/LaunchScreen.storyboard; sourceTree = "<group>"; };
		DB2CAC9722E5D9A3008778A9 /* Info.plist */ = {isa = PBXFileReference; lastKnownFileType = text.plist.xml; path = Info.plist; sourceTree = "<group>"; };
/* End PBXFileReference section */

/* Begin PBXFrameworksBuildPhase section */
		DB2CAC8522E5D9A1008778A9 /* Frameworks */ = {
			isa = PBXFrameworksBuildPhase;
			buildActionMask = 2147483647;
			files = (
			);
			runOnlyForDeploymentPostprocessing = 0;
		};
/* End PBXFrameworksBuildPhase section */

/* Begin PBXGroup section */
		DB2CAC7F22E5D9A1008778A9 = {
			isa = PBXGroup;
			children = (
				DB2CAC8A22E5D9A1008778A9 /* planeHeightDetection */,
				DB2CAC8922E5D9A1008778A9 /* Products */,
			);
			sourceTree = "<group>";
		};
		DB2CAC8922E5D9A1008778A9 /* Products */ = {
			isa = PBXGroup;
			children = (
				DB2CAC8822E5D9A1008778A9 /* planeHeightDetection.app */,
			);
			name = Products;
			sourceTree = "<group>";
		};
		DB2CAC8A22E5D9A1008778A9 /* planeHeightDetection */ = {
			isa = PBXGroup;
			children = (
				DB2CAC8B22E5D9A2008778A9 /* AppDelegate.swift */,
				DB2CAC8D22E5D9A2008778A9 /* ViewController.swift */,
				DB2CAC8F22E5D9A2008778A9 /* Main.storyboard */,
				DB2CAC9222E5D9A3008778A9 /* Assets.xcassets */,
				DB2CAC9422E5D9A3008778A9 /* LaunchScreen.storyboard */,
				DB2CAC9722E5D9A3008778A9 /* Info.plist */,
			);
			path = planeHeightDetection;
			sourceTree = "<group>";
		};
/* End PBXGroup section */

/* Begin PBXNativeTarget section */
		DB2CAC8722E5D9A1008778A9 /* planeHeightDetection */ = {
			isa = PBXNativeTarget;
			buildConfigurationList = DB2CAC9A22E5D9A3008778A9 /* Build configuration list for PBXNativeTarget "planeHeightDetection" */;
			buildPhases = (
				DB2CAC8422E5D9A1008778A9 /* Sources */,
				DB2CAC8522E5D9A1008778A9 /* Frameworks */,
				DB2CAC8622E5D9A1008778A9 /* Resources */,
			);
			buildRules = (
			);
			dependencies = (
			);
			name = planeHeightDetection;
			productName = planeHeightDetection;
			productReference = DB2CAC8822E5D9A1008778A9 /* planeHeightDetection.app */;
			productType = "com.apple.product-type.application";
		};
/* End PBXNativeTarget section */

/* Begin PBXProject section */
		DB2CAC8022E5D9A1008778A9 /* Project object */ = {
			isa = PBXProject;
			attributes = {
				LastSwiftUpdateCheck = 1010;
				LastUpgradeCheck = 1010;
				ORGANIZATIONNAME = Volpis;
				TargetAttributes = {
					DB2CAC8722E5D9A1008778A9 = {
						CreatedOnToolsVersion = 10.1;
					};
				};
			};
			buildConfigurationList = DB2CAC8322E5D9A1008778A9 /* Build configuration list for PBXProject "planeHeightDetection" */;
			compatibilityVersion = "Xcode 9.3";
			developmentRegion = en;
			hasScannedForEncodings = 0;
			knownRegions = (
				en,
				Base,
			);
			mainGroup = DB2CAC7F22E5D9A1008778A9;
			productRefGroup = DB2CAC8922E5D9A1008778A9 /* Products */;
			projectDirPath = "";
			projectRoot = "";
			targets = (
				DB2CAC8722E5D9A1008778A9 /* planeHeightDetection */,
			);
		};
/* End PBXProject section */

/* Begin PBXResourcesBuildPhase section */
		DB2CAC8622E5D9A1008778A9 /* Resources */ = {
			isa = PBXResourcesBuildPhase;
			buildActionMask = 2147483647;
			files = (
				DB2CAC9622E5D9A3008778A9 /* LaunchScreen.storyboard in Resources */,
				DB2CAC9322E5D9A3008778A9 /* Assets.xcassets in Resources */,
				DB2CAC9122E5D9A2008778A9 /* Main.storyboard in Resources */,
			);
			runOnlyForDeploymentPostprocessing = 0;
		};
/* End PBXResourcesBuildPhase section */

/* Begin PBXSourcesBuildPhase section */
		DB2CAC8422E5D9A1008778A9 /* Sources */ = {
			isa = PBXSourcesBuildPhase;
			buildActionMask = 2147483647;
			files = (
				DB2CAC8E22E5D9A2008778A9 /* ViewController.swift in Sources */,
				DB2CAC8C22E5D9A2008778A9 /* AppDelegate.swift in Sources */,
			);
			runOnlyForDeploymentPostprocessing = 0;
		};
/* End PBXSourcesBuildPhase section */

/* Begin PBXVariantGroup section */
		DB2CAC8F22E5D9A2008778A9 /* Main.storyboard */ = {
			isa = PBXVariantGroup;
			children = (
				DB2CAC9022E5D9A2008778A9 /* Base */,
			);
			name = Main.storyboard;
			sourceTree = "<group>";
		};
		DB2CAC9422E5D9A3008778A9 /* LaunchScreen.storyboard */ = {
			isa = PBXVariantGroup;
			children = (
				DB2CAC9522E5D9A3008778A9 /* Base */,
			);
			name = LaunchScreen.storyboard;
			sourceTree = "<group>";
		};
/* End PBXVariantGroup section */

/* Begin XCBuildConfiguration section */
		DB2CAC9822E5D9A3008778A9 /* Debug */ = {
			isa = XCBuildConfiguration;
			buildSettings = {
				ALWAYS_SEARCH_USER_PATHS = NO;
				CLANG_ANALYZER_NONNULL = YES;
				CLANG_ANALYZER_NUMBER_OBJECT_CONVERSION = YES_AGGRESSIVE;
				CLANG_CXX_LANGUAGE_STANDARD = "gnu++14";
				CLANG_CXX_LIBRARY = "libc++";
				CLANG_ENABLE_MODULES = YES;
				CLANG_ENABLE_OBJC_ARC = YES;
				CLANG_ENABLE_OBJC_WEAK = YES;
				CLANG_WARN_BLOCK_CAPTURE_AUTORELEASING = YES;
				CLANG_WARN_BOOL_CONVERSION = YES;
				CLANG_WARN_COMMA = YES;
				CLANG_WARN_CONSTANT_CONVERSION = YES;
				CLANG_WARN_DEPRECATED_OBJC_IMPLEMENTATIONS = YES;
				CLANG_WARN_DIRECT_OBJC_ISA_USAGE = YES_ERROR;
				CLANG_WARN_DOCUMENTATION_COMMENTS = YES;
				CLANG_WARN_EMPTY_BODY = YES;
				CLANG_WARN_ENUM_CONVERSION = YES;
				CLANG_WARN_INFINITE_RECURSION = YES;
				CLANG_WARN_INT_CONVERSION = YES;
				CLANG_WARN_NON_LITERAL_NULL_CONVERSION = YES;
				CLANG_WARN_OBJC_IMPLICIT_RETAIN_SELF = YES;
				CLANG_WARN_OBJC_LITERAL_CONVERSION = YES;
				CLANG_WARN_OBJC_ROOT_CLASS = YES_ERROR;
				CLANG_WARN_RANGE_LOOP_ANALYSIS = YES;
				CLANG_WARN_STRICT_PROTOTYPES = YES;
				CLANG_WARN_SUSPICIOUS_MOVE = YES;
				CLANG_WARN_UNGUARDED_AVAILABILITY = YES_AGGRESSIVE;
				CLANG_WARN_UNREACHABLE_CODE = YES;
				CLANG_WARN__DUPLICATE_METHOD_MATCH = YES;
				CODE_SIGN_IDENTITY = "iPhone Developer";
				COPY_PHASE_STRIP = NO;
				DEBUG_INFORMATION_FORMAT = dwarf;
				ENABLE_STRICT_OBJC_MSGSEND = YES;
				ENABLE_TESTABILITY = YES;
				GCC_C_LANGUAGE_STANDARD = gnu11;
				GCC_DYNAMIC_NO_PIC = NO;
				GCC_NO_COMMON_BLOCKS = YES;
				GCC_OPTIMIZATION_LEVEL = 0;
				GCC_PREPROCESSOR_DEFINITIONS = (
					"DEBUG=1",
					"$(inherited)",
				);
				GCC_WARN_64_TO_32_BIT_CONVERSION = YES;
				GCC_WARN_ABOUT_RETURN_TYPE = YES_ERROR;
				GCC_WARN_UNDECLARED_SELECTOR = YES;
				GCC_WARN_UNINITIALIZED_AUTOS = YES_AGGRESSIVE;
				GCC_WARN_UNUSED_FUNCTION = YES;
				GCC_WARN_UNUSED_VARIABLE = YES;
				IPHONEOS_DEPLOYMENT_TARGET = 12.1;
				MTL_ENABLE_DEBUG_INFO = INCLUDE_SOURCE;
				MTL_FAST_MATH = YES;
				ONLY_ACTIVE_ARCH = YES;
				SDKROOT = iphoneos;
				SWIFT_ACTIVE_COMPILATION_CONDITIONS = DEBUG;
				SWIFT_OPTIMIZATION_LEVEL = "-Onone";
			};
			name = Debug;
		};
		DB2CAC9922E5D9A3008778A9 /* Release */ = {
			isa = XCBuildConfiguration;
			buildSettings = {
				ALWAYS_SEARCH_USER_PATHS = NO;
				CLANG_ANALYZER_NONNULL = YES;
				CLANG_ANALYZER_NUMBER_OBJECT_CONVERSION = YES_AGGRESSIVE;
				CLANG_CXX_LANGUAGE_STANDARD = "gnu++14";
				CLANG_CXX_LIBRARY = "libc++";
				CLANG_ENABLE_MODULES = YES;
				CLANG_ENABLE_OBJC_ARC = YES;
				CLANG_ENABLE_OBJC_WEAK = YES;
				CLANG_WARN_BLOCK_CAPTURE_AUTORELEASING = YES;
				CLANG_WARN_BOOL_CONVERSION = YES;
				CLANG_WARN_COMMA = YES;
				CLANG_WARN_CONSTANT_CONVERSION = YES;
				CLANG_WARN_DEPRECATED_OBJC_IMPLEMENTATIONS = YES;
				CLANG_WARN_DIRECT_OBJC_ISA_USAGE = YES_ERROR;
				CLANG_WARN_DOCUMENTATION_COMMENTS = YES;
				CLANG_WARN_EMPTY_BODY = YES;
				CLANG_WARN_ENUM_CONVERSION = YES;
				CLANG_WARN_INFINITE_RECURSION = YES;
				CLANG_WARN_INT_CONVERSION = YES;
				CLANG_WARN_NON_LITERAL_NULL_CONVERSION = YES;
				CLANG_WARN_OBJC_IMPLICIT_RETAIN_SELF = YES;
				CLANG_WARN_OBJC_LITERAL_CONVERSION = YES;
				CLANG_WARN_OBJC_ROOT_CLASS = YES_ERROR;
				CLANG_WARN_RANGE_LOOP_ANALYSIS = YES;
				CLANG_WARN_STRICT_PROTOTYPES = YES;
				CLANG_WARN_SUSPICIOUS_MOVE = YES;
				CLANG_WARN_UNGUARDED_AVAILABILITY = YES_AGGRESSIVE;
				CLANG_WARN_UNREACHABLE_CODE = YES;
				CLANG_WARN__DUPLICATE_METHOD_MATCH = YES;
				CODE_SIGN_IDENTITY = "iPhone Developer";
				COPY_PHASE_STRIP = NO;
				DEBUG_INFORMATION_FORMAT = "dwarf-with-dsym";
				ENABLE_NS_ASSERTIONS = NO;
				ENABLE_STRICT_OBJC_MSGSEND = YES;
				GCC_C_LANGUAGE_STANDARD = gnu11;
				GCC_NO_COMMON_BLOCKS = YES;
				GCC_WARN_64_TO_32_BIT_CONVERSION = YES;
				GCC_WARN_ABOUT_RETURN_TYPE = YES_ERROR;
				GCC_WARN_UNDECLARED_SELECTOR = YES;
				GCC_WARN_UNINITIALIZED_AUTOS = YES_AGGRESSIVE;
				GCC_WARN_UNUSED_FUNCTION = YES;
				GCC_WARN_UNUSED_VARIABLE = YES;
				IPHONEOS_DEPLOYMENT_TARGET = 12.1;
				MTL_ENABLE_DEBUG_INFO = NO;
				MTL_FAST_MATH = YES;
				SDKROOT = iphoneos;
				SWIFT_COMPILATION_MODE = wholemodule;
				SWIFT_OPTIMIZATION_LEVEL = "-O";
				VALIDATE_PRODUCT = YES;
			};
			name = Release;
		};
		DB2CAC9B22E5D9A3008778A9 /* Debug */ = {
			isa = XCBuildConfiguration;
			buildSettings = {
				ASSETCATALOG_COMPILER_APPICON_NAME = AppIcon;
				CODE_SIGN_STYLE = Automatic;
				DEVELOPMENT_TEAM = AAXBU9249F;
				INFOPLIST_FILE = planeHeightDetection/Info.plist;
				LD_RUNPATH_SEARCH_PATHS = (
					"$(inherited)",
					"@executable_path/Frameworks",
				);
				PRODUCT_BUNDLE_IDENTIFIER = "volpis-inc.planeHeightDetection";
				PRODUCT_NAME = "$(TARGET_NAME)";
				SWIFT_VERSION = 4.2;
				TARGETED_DEVICE_FAMILY = "1,2";
			};
			name = Debug;
		};
		DB2CAC9C22E5D9A3008778A9 /* Release */ = {
			isa = XCBuildConfiguration;
			buildSettings = {
				ASSETCATALOG_COMPILER_APPICON_NAME = AppIcon;
				CODE_SIGN_STYLE = Automatic;
				DEVELOPMENT_TEAM = AAXBU9249F;
				INFOPLIST_FILE = planeHeightDetection/Info.plist;
				LD_RUNPATH_SEARCH_PATHS = (
					"$(inherited)",
					"@executable_path/Frameworks",
				);
				PRODUCT_BUNDLE_IDENTIFIER = "volpis-inc.planeHeightDetection";
				PRODUCT_NAME = "$(TARGET_NAME)";
				SWIFT_VERSION = 4.2;
				TARGETED_DEVICE_FAMILY = "1,2";
			};
			name = Release;
		};
/* End XCBuildConfiguration section */

/* Begin XCConfigurationList section */
		DB2CAC8322E5D9A1008778A9 /* Build configuration list for PBXProject "planeHeightDetection" */ = {
			isa = XCConfigurationList;
			buildConfigurations = (
				DB2CAC9822E5D9A3008778A9 /* Debug */,
				DB2CAC9922E5D9A3008778A9 /* Release */,
			);
			defaultConfigurationIsVisible = 0;
			defaultConfigurationName = Release;
		};
		DB2CAC9A22E5D9A3008778A9 /* Build configuration list for PBXNativeTarget "planeHeightDetection" */ = {
			isa = XCConfigurationList;
			buildConfigurations = (
				DB2CAC9B22E5D9A3008778A9 /* Debug */,
				DB2CAC9C22E5D9A3008778A9 /* Release */,
			);
			defaultConfigurationIsVisible = 0;
			defaultConfigurationName = Release;
		};
/* End XCConfigurationList section */
	};
	rootObject = DB2CAC8022E5D9A1008778A9 /* Project object */;
}
